
Microsoft Visual Studio Solution File, Format Version 12.00
# Visual Studio Version 17
VisualStudioVersion = 17.3.32825.248
MinimumVisualStudioVersion = 10.0.40219.1
Project("{FAE04EC0-301F-11D3-BF4B-00C04F79EFBC}") = "BasketballLeagueApp", "BasketballLeagueApp.csproj", "{05F25216-3C58-4F70-BF53-C27CE50756BB}"
EndProject
Global
	GlobalSection(SolutionConfigurationPlatforms) = preSolution
		Debug|Any CPU = Debug|Any CPU
		Release|Any CPU = Release|Any CPU
	EndGlobalSection
	GlobalSection(ProjectConfigurationPlatforms) = postSolution
		{05F25216-3C58-4F70-BF53-C27CE50756BB}.Debug|Any CPU.ActiveCfg = Debug|Any CPU
		{05F25216-3C58-4F70-BF53-C27CE50756BB}.Debug|Any CPU.Build.0 = Debug|Any CPU
		{05F25216-3C58-4F70-BF53-C27CE50756BB}.Release|Any CPU.ActiveCfg = Release|Any CPU
		{05F25216-3C58-4F70-BF53-C27CE50756BB}.Release|Any CPU.Build.0 = Release|Any CPU
	EndGlobalSection
	GlobalSection(SolutionProperties) = preSolution
		HideSolutionNode = FALSE
	EndGlobalSection
	GlobalSection(ExtensibilityGlobals) = postSolution
		SolutionGuid = {C55F8E1E-9310-4821-A053-8CCAFBF5C320}
	EndGlobalSection
EndGlobal
